
Microsoft Visual Studio Solution File, Format Version 12.00
# Visual Studio Version 17
VisualStudioVersion = 17.4.33213.308
MinimumVisualStudioVersion = 10.0.40219.1
Project("{9A19103F-16F7-4668-BE54-9A1E7A4F7556}") = "Upd8.Api", "Upd8.Api\Upd8.Api.csproj", "{82ACDDAC-E73F-499C-9272-9036E587E320}"
EndProject
Project("{2150E333-8FDC-42A3-9474-1A3956D46DE8}") = "1.Consumers", "1.Consumers", "{C4A783F7-A552-445E-8830-C1A867F70D54}"
EndProject
Project("{2150E333-8FDC-42A3-9474-1A3956D46DE8}") = "2.Manager", "2.Manager", "{76CD5C67-97DB-430D-9056-F3E77CB6077A}"
EndProject
Project("{2150E333-8FDC-42A3-9474-1A3956D46DE8}") = "3.Data", "3.Data", "{72BA6692-51C6-4D61-B88D-45048F66B6D8}"
EndProject
Project("{2150E333-8FDC-42A3-9474-1A3956D46DE8}") = "4.Core", "4.Core", "{C1050F91-F39A-4216-9A3E-F32BAB190588}"
EndProject
Project("{9A19103F-16F7-4668-BE54-9A1E7A4F7556}") = "Upd8.Core", "Upd8.Core\Upd8.Core.csproj", "{183CF1A5-FC2B-4376-A52C-5093F9C35C1F}"
EndProject
Project("{9A19103F-16F7-4668-BE54-9A1E7A4F7556}") = "Upd8.Core.Shared", "Upd8.Core.Shared\Upd8.Core.Shared.csproj", "{88DB1484-9EA8-4494-898F-F878BA391DD2}"
EndProject
Project("{9A19103F-16F7-4668-BE54-9A1E7A4F7556}") = "Upd8.Data", "Upd8.Data\Upd8.Data.csproj", "{7A3DE37E-6EC5-44BB-AFB0-E2BBBF382265}"
EndProject
Project("{9A19103F-16F7-4668-BE54-9A1E7A4F7556}") = "Upd8.Manager", "Upd8.Manager\Upd8.Manager.csproj", "{5A8F5144-9BD8-4FF6-89A7-2E17EB59C110}"
EndProject
Project("{9A19103F-16F7-4668-BE54-9A1E7A4F7556}") = "Upd8.Web", "Upd8.Web\Upd8.Web.csproj", "{2AFB6107-2295-401A-B787-0541CCF6E5B8}"
EndProject
Project("{FAE04EC0-301F-11D3-BF4B-00C04F79EFBC}") = "Upd8.Cidade.Api", "Upd8.Cidade.Api\Upd8.Cidade.Api.csproj", "{1276CA85-C8E4-4DF5-8894-DE965ADBF811}"
EndProject
Global
	GlobalSection(SolutionConfigurationPlatforms) = preSolution
		Debug|Any CPU = Debug|Any CPU
		Release|Any CPU = Release|Any CPU
	EndGlobalSection
	GlobalSection(ProjectConfigurationPlatforms) = postSolution
		{82ACDDAC-E73F-499C-9272-9036E587E320}.Debug|Any CPU.ActiveCfg = Debug|Any CPU
		{82ACDDAC-E73F-499C-9272-9036E587E320}.Debug|Any CPU.Build.0 = Debug|Any CPU
		{82ACDDAC-E73F-499C-9272-9036E587E320}.Release|Any CPU.ActiveCfg = Release|Any CPU
		{82ACDDAC-E73F-499C-9272-9036E587E320}.Release|Any CPU.Build.0 = Release|Any CPU
		{183CF1A5-FC2B-4376-A52C-5093F9C35C1F}.Debug|Any CPU.ActiveCfg = Debug|Any CPU
		{183CF1A5-FC2B-4376-A52C-5093F9C35C1F}.Debug|Any CPU.Build.0 = Debug|Any CPU
		{183CF1A5-FC2B-4376-A52C-5093F9C35C1F}.Release|Any CPU.ActiveCfg = Release|Any CPU
		{183CF1A5-FC2B-4376-A52C-5093F9C35C1F}.Release|Any CPU.Build.0 = Release|Any CPU
		{88DB1484-9EA8-4494-898F-F878BA391DD2}.Debug|Any CPU.ActiveCfg = Debug|Any CPU
		{88DB1484-9EA8-4494-898F-F878BA391DD2}.Debug|Any CPU.Build.0 = Debug|Any CPU
		{88DB1484-9EA8-4494-898F-F878BA391DD2}.Release|Any CPU.ActiveCfg = Release|Any CPU
		{88DB1484-9EA8-4494-898F-F878BA391DD2}.Release|Any CPU.Build.0 = Release|Any CPU
		{7A3DE37E-6EC5-44BB-AFB0-E2BBBF382265}.Debug|Any CPU.ActiveCfg = Debug|Any CPU
		{7A3DE37E-6EC5-44BB-AFB0-E2BBBF382265}.Debug|Any CPU.Build.0 = Debug|Any CPU
		{7A3DE37E-6EC5-44BB-AFB0-E2BBBF382265}.Release|Any CPU.ActiveCfg = Release|Any CPU
		{7A3DE37E-6EC5-44BB-AFB0-E2BBBF382265}.Release|Any CPU.Build.0 = Release|Any CPU
		{5A8F5144-9BD8-4FF6-89A7-2E17EB59C110}.Debug|Any CPU.ActiveCfg = Debug|Any CPU
		{5A8F5144-9BD8-4FF6-89A7-2E17EB59C110}.Debug|Any CPU.Build.0 = Debug|Any CPU
		{5A8F5144-9BD8-4FF6-89A7-2E17EB59C110}.Release|Any CPU.ActiveCfg = Release|Any CPU
		{5A8F5144-9BD8-4FF6-89A7-2E17EB59C110}.Release|Any CPU.Build.0 = Release|Any CPU
		{2AFB6107-2295-401A-B787-0541CCF6E5B8}.Debug|Any CPU.ActiveCfg = Debug|Any CPU
		{2AFB6107-2295-401A-B787-0541CCF6E5B8}.Debug|Any CPU.Build.0 = Debug|Any CPU
		{2AFB6107-2295-401A-B787-0541CCF6E5B8}.Release|Any CPU.ActiveCfg = Release|Any CPU
		{2AFB6107-2295-401A-B787-0541CCF6E5B8}.Release|Any CPU.Build.0 = Release|Any CPU
		{1276CA85-C8E4-4DF5-8894-DE965ADBF811}.Debug|Any CPU.ActiveCfg = Debug|Any CPU
		{1276CA85-C8E4-4DF5-8894-DE965ADBF811}.Debug|Any CPU.Build.0 = Debug|Any CPU
		{1276CA85-C8E4-4DF5-8894-DE965ADBF811}.Release|Any CPU.ActiveCfg = Release|Any CPU
		{1276CA85-C8E4-4DF5-8894-DE965ADBF811}.Release|Any CPU.Build.0 = Release|Any CPU
	EndGlobalSection
	GlobalSection(SolutionProperties) = preSolution
		HideSolutionNode = FALSE
	EndGlobalSection
	GlobalSection(NestedProjects) = preSolution
		{82ACDDAC-E73F-499C-9272-9036E587E320} = {C4A783F7-A552-445E-8830-C1A867F70D54}
		{183CF1A5-FC2B-4376-A52C-5093F9C35C1F} = {C1050F91-F39A-4216-9A3E-F32BAB190588}
		{88DB1484-9EA8-4494-898F-F878BA391DD2} = {C1050F91-F39A-4216-9A3E-F32BAB190588}
		{7A3DE37E-6EC5-44BB-AFB0-E2BBBF382265} = {72BA6692-51C6-4D61-B88D-45048F66B6D8}
		{5A8F5144-9BD8-4FF6-89A7-2E17EB59C110} = {76CD5C67-97DB-430D-9056-F3E77CB6077A}
		{2AFB6107-2295-401A-B787-0541CCF6E5B8} = {C4A783F7-A552-445E-8830-C1A867F70D54}
		{1276CA85-C8E4-4DF5-8894-DE965ADBF811} = {C4A783F7-A552-445E-8830-C1A867F70D54}
	EndGlobalSection
	GlobalSection(ExtensibilityGlobals) = postSolution
		SolutionGuid = {070E3BCE-5C2C-4806-94C5-2E2B2D4E748D}
	EndGlobalSection
EndGlobal
